# This file is automatically @generated by Cargo.
# It is not intended for manual editing.
version = 4

[[package]]
name = "frost-redpallas"
version = "0.1.0"
dependencies = [
 "golden-core",
]

[[package]]
name = "golden-cli"
version = "0.1.0"
dependencies = [
 "frost-redpallas",
 "golden-pallas",
]

[[package]]
name = "golden-core"
version = "0.1.0"

[[package]]
name = "golden-pallas"
version = "0.1.0"
dependencies = [
 "golden-core",
]
